
Microsoft Visual Studio Solution File, Format Version 12.00
# Visual Studio Version 16
VisualStudioVersion = 16.0.30503.244
MinimumVisualStudioVersion = 10.0.40219.1
Project("{FAE04EC0-301F-11D3-BF4B-00C04F79EFBC}") = "PromotionEngine", "PromotionEngine.csproj", "{E9DA62DC-D915-4410-A577-9934A07A8830}"
EndProject
Global
	GlobalSection(SolutionConfigurationPlatforms) = preSolution
		Debug|Any CPU = Debug|Any CPU
		Release|Any CPU = Release|Any CPU
	EndGlobalSection
	GlobalSection(ProjectConfigurationPlatforms) = postSolution
		{E9DA62DC-D915-4410-A577-9934A07A8830}.Debug|Any CPU.ActiveCfg = Debug|Any CPU
		{E9DA62DC-D915-4410-A577-9934A07A8830}.Debug|Any CPU.Build.0 = Debug|Any CPU
		{E9DA62DC-D915-4410-A577-9934A07A8830}.Release|Any CPU.ActiveCfg = Release|Any CPU
		{E9DA62DC-D915-4410-A577-9934A07A8830}.Release|Any CPU.Build.0 = Release|Any CPU
	EndGlobalSection
	GlobalSection(SolutionProperties) = preSolution
		HideSolutionNode = FALSE
	EndGlobalSection
	GlobalSection(ExtensibilityGlobals) = postSolution
		SolutionGuid = {2C4E10AD-5E05-4F44-8197-3C6F943DA34E}
	EndGlobalSection
EndGlobal
